
Microsoft Visual Studio Solution File, Format Version 12.00
# Visual Studio 2012
Project("{FAE04EC0-301F-11D3-BF4B-00C04F79EFBC}") = "Engine", "Engine\Engine.csproj", "{BDC38F0B-1D48-4141-8156-52AAEE5D572E}"
EndProject
Project("{FAE04EC0-301F-11D3-BF4B-00C04F79EFBC}") = "GUI", "GUI\GUI.csproj", "{61674E97-5B8A-473E-8438-DD039055582B}"
EndProject
Global
	GlobalSection(SolutionConfigurationPlatforms) = preSolution
		Debug|Any CPU = Debug|Any CPU
		Debug|Mixed Platforms = Debug|Mixed Platforms
		Debug|x86 = Debug|x86
		Release|Any CPU = Release|Any CPU
		Release|Mixed Platforms = Release|Mixed Platforms
		Release|x86 = Release|x86
		Release-Signed|Any CPU = Release-Signed|Any CPU
		Release-Signed|Mixed Platforms = Release-Signed|Mixed Platforms
		Release-Signed|x86 = Release-Signed|x86
	EndGlobalSection
	GlobalSection(ProjectConfigurationPlatforms) = postSolution
		{BDC38F0B-1D48-4141-8156-52AAEE5D572E}.Debug|Any CPU.ActiveCfg = Debug|x86
		{BDC38F0B-1D48-4141-8156-52AAEE5D572E}.Debug|Mixed Platforms.ActiveCfg = Debug|x86
		{BDC38F0B-1D48-4141-8156-52AAEE5D572E}.Debug|Mixed Platforms.Build.0 = Debug|x86
		{BDC38F0B-1D48-4141-8156-52AAEE5D572E}.Debug|x86.ActiveCfg = Debug|x86
		{BDC38F0B-1D48-4141-8156-52AAEE5D572E}.Debug|x86.Build.0 = Debug|x86
		{BDC38F0B-1D48-4141-8156-52AAEE5D572E}.Release|Any CPU.ActiveCfg = Release|x86
		{BDC38F0B-1D48-4141-8156-52AAEE5D572E}.Release|Mixed Platforms.ActiveCfg = Release|x86
		{BDC38F0B-1D48-4141-8156-52AAEE5D572E}.Release|Mixed Platforms.Build.0 = Release|x86
		{BDC38F0B-1D48-4141-8156-52AAEE5D572E}.Release|x86.ActiveCfg = Release|x86
		{BDC38F0B-1D48-4141-8156-52AAEE5D572E}.Release|x86.Build.0 = Release|x86
		{BDC38F0B-1D48-4141-8156-52AAEE5D572E}.Release-Signed|Any CPU.ActiveCfg = Debug|x86
		{BDC38F0B-1D48-4141-8156-52AAEE5D572E}.Release-Signed|Any CPU.Build.0 = Debug|x86
		{BDC38F0B-1D48-4141-8156-52AAEE5D572E}.Release-Signed|Mixed Platforms.ActiveCfg = Release|x86
		{BDC38F0B-1D48-4141-8156-52AAEE5D572E}.Release-Signed|Mixed Platforms.Build.0 = Release|x86
		{BDC38F0B-1D48-4141-8156-52AAEE5D572E}.Release-Signed|x86.ActiveCfg = Release|x86
		{BDC38F0B-1D48-4141-8156-52AAEE5D572E}.Release-Signed|x86.Build.0 = Release|x86
		{61674E97-5B8A-473E-8438-DD039055582B}.Debug|Any CPU.ActiveCfg = Debug|Any CPU
		{61674E97-5B8A-473E-8438-DD039055582B}.Debug|Any CPU.Build.0 = Debug|Any CPU
		{61674E97-5B8A-473E-8438-DD039055582B}.Debug|Mixed Platforms.ActiveCfg = Debug|Any CPU
		{61674E97-5B8A-473E-8438-DD039055582B}.Debug|Mixed Platforms.Build.0 = Debug|Any CPU
		{61674E97-5B8A-473E-8438-DD039055582B}.Debug|x86.ActiveCfg = Debug|Any CPU
		{61674E97-5B8A-473E-8438-DD039055582B}.Release|Any CPU.ActiveCfg = Release|Any CPU
		{61674E97-5B8A-473E-8438-DD039055582B}.Release|Any CPU.Build.0 = Release|Any CPU
		{61674E97-5B8A-473E-8438-DD039055582B}.Release|Mixed Platforms.ActiveCfg = Release|Any CPU
		{61674E97-5B8A-473E-8438-DD039055582B}.Release|Mixed Platforms.Build.0 = Release|Any CPU
		{61674E97-5B8A-473E-8438-DD039055582B}.Release|x86.ActiveCfg = Release|Any CPU
		{61674E97-5B8A-473E-8438-DD039055582B}.Release-Signed|Any CPU.ActiveCfg = Release|Any CPU
		{61674E97-5B8A-473E-8438-DD039055582B}.Release-Signed|Any CPU.Build.0 = Release|Any CPU
		{61674E97-5B8A-473E-8438-DD039055582B}.Release-Signed|Mixed Platforms.ActiveCfg = Release|Any CPU
		{61674E97-5B8A-473E-8438-DD039055582B}.Release-Signed|Mixed Platforms.Build.0 = Release|Any CPU
		{61674E97-5B8A-473E-8438-DD039055582B}.Release-Signed|x86.ActiveCfg = Release|Any CPU
	EndGlobalSection
	GlobalSection(SolutionProperties) = preSolution
		HideSolutionNode = FALSE
	EndGlobalSection
	GlobalSection(MonoDevelopProperties) = preSolution
		StartupItem = Engine\Engine.csproj
	EndGlobalSection
EndGlobal
