
Microsoft Visual Studio Solution File, Format Version 11.00
# Visual Studio 2010
Project("{FAE04EC0-301F-11D3-BF4B-00C04F79EFBC}") = "CarPhysicsEngine", "CarPhysicsEngine\CarPhysicsEngine.csproj", "{BDC38F0B-1D48-4141-8156-52AAEE5D572E}"
EndProject
Project("{FAE04EC0-301F-11D3-BF4B-00C04F79EFBC}") = "Numerics", "MathNet-Numerics\Numerics.csproj", "{B7CAE5F4-A23F-4438-B5BE-41226618B695}"
EndProject
Global
	GlobalSection(SolutionConfigurationPlatforms) = preSolution
		Debug|x86 = Debug|x86
		Release|x86 = Release|x86
		Release-Signed|Any CPU = Release-Signed|Any CPU
	EndGlobalSection
	GlobalSection(ProjectConfigurationPlatforms) = postSolution
		{B7CAE5F4-A23F-4438-B5BE-41226618B695}.Debug|x86.ActiveCfg = Debug|Any CPU
		{B7CAE5F4-A23F-4438-B5BE-41226618B695}.Debug|x86.Build.0 = Debug|Any CPU
		{B7CAE5F4-A23F-4438-B5BE-41226618B695}.Release|x86.ActiveCfg = Release|Any CPU
		{B7CAE5F4-A23F-4438-B5BE-41226618B695}.Release|x86.Build.0 = Release|Any CPU
		{B7CAE5F4-A23F-4438-B5BE-41226618B695}.Release-Signed|Any CPU.ActiveCfg = Release-Signed|Any CPU
		{B7CAE5F4-A23F-4438-B5BE-41226618B695}.Release-Signed|Any CPU.Build.0 = Release-Signed|Any CPU
		{BDC38F0B-1D48-4141-8156-52AAEE5D572E}.Debug|x86.ActiveCfg = Debug|x86
		{BDC38F0B-1D48-4141-8156-52AAEE5D572E}.Debug|x86.Build.0 = Debug|x86
		{BDC38F0B-1D48-4141-8156-52AAEE5D572E}.Release|x86.ActiveCfg = Release|x86
		{BDC38F0B-1D48-4141-8156-52AAEE5D572E}.Release|x86.Build.0 = Release|x86
		{BDC38F0B-1D48-4141-8156-52AAEE5D572E}.Release-Signed|Any CPU.ActiveCfg = Debug|x86
		{BDC38F0B-1D48-4141-8156-52AAEE5D572E}.Release-Signed|Any CPU.Build.0 = Debug|x86
	EndGlobalSection
	GlobalSection(MonoDevelopProperties) = preSolution
		StartupItem = CarPhysicsEngine\CarPhysicsEngine.csproj
	EndGlobalSection
EndGlobal
